
Microsoft Visual Studio Solution File, Format Version 12.00
# Visual Studio Version 17
VisualStudioVersion = 17.8.34322.80
MinimumVisualStudioVersion = 10.0.40219.1
Project("{FAE04EC0-301F-11D3-BF4B-00C04F79EFBC}") = "P01Wstep", "P01Wstep\P01Wstep.csproj", "{F1AB9A31-AC76-4E7C-B023-73BE28BD09D3}"
EndProject
Project("{FAE04EC0-301F-11D3-BF4B-00C04F79EFBC}") = "P02OperacjeNaNapisach", "P02OperacjeNaNapisach\P02OperacjeNaNapisach.csproj", "{551E0223-AA79-4CD4-B038-313F80DC2FBD}"
EndProject
Project("{FAE04EC0-301F-11D3-BF4B-00C04F79EFBC}") = "P03WczytywanieDanych", "P03WczytywanieDanych\P03WczytywanieDanych.csproj", "{D44E9C24-7680-4DAF-8BF0-43DC2426C19B}"
EndProject
Project("{FAE04EC0-301F-11D3-BF4B-00C04F79EFBC}") = "P04ZadanieNapisy", "P04ZadanieNapisy\P04ZadanieNapisy.csproj", "{4329459A-BAAA-4222-9832-01E42C5A2EE4}"
EndProject
Project("{FAE04EC0-301F-11D3-BF4B-00C04F79EFBC}") = "P05Debugowanie", "P05Debugowanie\P05Debugowanie.csproj", "{90387898-93F1-4BB6-B26F-76138FD5A7F1}"
EndProject
Project("{FAE04EC0-301F-11D3-BF4B-00C04F79EFBC}") = "P06Operatory", "P06Operatory\P06Operatory.csproj", "{637FA721-BF8A-4652-9C6F-A2E35B5D71A7}"
EndProject
Project("{FAE04EC0-301F-11D3-BF4B-00C04F79EFBC}") = "P07InstrukcjeWarunkowe", "P07InstrukcjeWarunkowe\P07InstrukcjeWarunkowe.csproj", "{3700135A-618E-4CE9-A507-4B6B600DB1EC}"
EndProject
Project("{FAE04EC0-301F-11D3-BF4B-00C04F79EFBC}") = "P09Switch", "P09Switch\P09Switch.csproj", "{E4933849-2D8E-4227-9C19-6796AF5F1A2D}"
EndProject
Project("{FAE04EC0-301F-11D3-BF4B-00C04F79EFBC}") = "P10Petle", "P10Petle\P10Petle.csproj", "{533703CF-201A-4F00-B98B-94591F2A09AA}"
EndProject
Project("{FAE04EC0-301F-11D3-BF4B-00C04F79EFBC}") = "P11ZadaniePetle", "P11ZadaniePetle\P11ZadaniePetle.csproj", "{58D4880D-6E48-4602-BFF8-C486DB17BC53}"
EndProject
Global
	GlobalSection(SolutionConfigurationPlatforms) = preSolution
		Debug|Any CPU = Debug|Any CPU
		Release|Any CPU = Release|Any CPU
	EndGlobalSection
	GlobalSection(ProjectConfigurationPlatforms) = postSolution
		{F1AB9A31-AC76-4E7C-B023-73BE28BD09D3}.Debug|Any CPU.ActiveCfg = Debug|Any CPU
		{F1AB9A31-AC76-4E7C-B023-73BE28BD09D3}.Debug|Any CPU.Build.0 = Debug|Any CPU
		{F1AB9A31-AC76-4E7C-B023-73BE28BD09D3}.Release|Any CPU.ActiveCfg = Release|Any CPU
		{F1AB9A31-AC76-4E7C-B023-73BE28BD09D3}.Release|Any CPU.Build.0 = Release|Any CPU
		{551E0223-AA79-4CD4-B038-313F80DC2FBD}.Debug|Any CPU.ActiveCfg = Debug|Any CPU
		{551E0223-AA79-4CD4-B038-313F80DC2FBD}.Debug|Any CPU.Build.0 = Debug|Any CPU
		{551E0223-AA79-4CD4-B038-313F80DC2FBD}.Release|Any CPU.ActiveCfg = Release|Any CPU
		{551E0223-AA79-4CD4-B038-313F80DC2FBD}.Release|Any CPU.Build.0 = Release|Any CPU
		{D44E9C24-7680-4DAF-8BF0-43DC2426C19B}.Debug|Any CPU.ActiveCfg = Debug|Any CPU
		{D44E9C24-7680-4DAF-8BF0-43DC2426C19B}.Debug|Any CPU.Build.0 = Debug|Any CPU
		{D44E9C24-7680-4DAF-8BF0-43DC2426C19B}.Release|Any CPU.ActiveCfg = Release|Any CPU
		{D44E9C24-7680-4DAF-8BF0-43DC2426C19B}.Release|Any CPU.Build.0 = Release|Any CPU
		{4329459A-BAAA-4222-9832-01E42C5A2EE4}.Debug|Any CPU.ActiveCfg = Debug|Any CPU
		{4329459A-BAAA-4222-9832-01E42C5A2EE4}.Debug|Any CPU.Build.0 = Debug|Any CPU
		{4329459A-BAAA-4222-9832-01E42C5A2EE4}.Release|Any CPU.ActiveCfg = Release|Any CPU
		{4329459A-BAAA-4222-9832-01E42C5A2EE4}.Release|Any CPU.Build.0 = Release|Any CPU
		{90387898-93F1-4BB6-B26F-76138FD5A7F1}.Debug|Any CPU.ActiveCfg = Debug|Any CPU
		{90387898-93F1-4BB6-B26F-76138FD5A7F1}.Debug|Any CPU.Build.0 = Debug|Any CPU
		{90387898-93F1-4BB6-B26F-76138FD5A7F1}.Release|Any CPU.ActiveCfg = Release|Any CPU
		{90387898-93F1-4BB6-B26F-76138FD5A7F1}.Release|Any CPU.Build.0 = Release|Any CPU
		{637FA721-BF8A-4652-9C6F-A2E35B5D71A7}.Debug|Any CPU.ActiveCfg = Debug|Any CPU
		{637FA721-BF8A-4652-9C6F-A2E35B5D71A7}.Debug|Any CPU.Build.0 = Debug|Any CPU
		{637FA721-BF8A-4652-9C6F-A2E35B5D71A7}.Release|Any CPU.ActiveCfg = Release|Any CPU
		{637FA721-BF8A-4652-9C6F-A2E35B5D71A7}.Release|Any CPU.Build.0 = Release|Any CPU
		{3700135A-618E-4CE9-A507-4B6B600DB1EC}.Debug|Any CPU.ActiveCfg = Debug|Any CPU
		{3700135A-618E-4CE9-A507-4B6B600DB1EC}.Debug|Any CPU.Build.0 = Debug|Any CPU
		{3700135A-618E-4CE9-A507-4B6B600DB1EC}.Release|Any CPU.ActiveCfg = Release|Any CPU
		{3700135A-618E-4CE9-A507-4B6B600DB1EC}.Release|Any CPU.Build.0 = Release|Any CPU
		{E4933849-2D8E-4227-9C19-6796AF5F1A2D}.Debug|Any CPU.ActiveCfg = Debug|Any CPU
		{E4933849-2D8E-4227-9C19-6796AF5F1A2D}.Debug|Any CPU.Build.0 = Debug|Any CPU
		{E4933849-2D8E-4227-9C19-6796AF5F1A2D}.Release|Any CPU.ActiveCfg = Release|Any CPU
		{E4933849-2D8E-4227-9C19-6796AF5F1A2D}.Release|Any CPU.Build.0 = Release|Any CPU
		{533703CF-201A-4F00-B98B-94591F2A09AA}.Debug|Any CPU.ActiveCfg = Debug|Any CPU
		{533703CF-201A-4F00-B98B-94591F2A09AA}.Debug|Any CPU.Build.0 = Debug|Any CPU
		{533703CF-201A-4F00-B98B-94591F2A09AA}.Release|Any CPU.ActiveCfg = Release|Any CPU
		{533703CF-201A-4F00-B98B-94591F2A09AA}.Release|Any CPU.Build.0 = Release|Any CPU
		{58D4880D-6E48-4602-BFF8-C486DB17BC53}.Debug|Any CPU.ActiveCfg = Debug|Any CPU
		{58D4880D-6E48-4602-BFF8-C486DB17BC53}.Debug|Any CPU.Build.0 = Debug|Any CPU
		{58D4880D-6E48-4602-BFF8-C486DB17BC53}.Release|Any CPU.ActiveCfg = Release|Any CPU
		{58D4880D-6E48-4602-BFF8-C486DB17BC53}.Release|Any CPU.Build.0 = Release|Any CPU
	EndGlobalSection
	GlobalSection(SolutionProperties) = preSolution
		HideSolutionNode = FALSE
	EndGlobalSection
	GlobalSection(ExtensibilityGlobals) = postSolution
		SolutionGuid = {F4D785B1-AC5A-474C-AD09-CC7A2315DD52}
	EndGlobalSection
EndGlobal
